
Microsoft Visual Studio Solution File, Format Version 12.00
# Visual Studio 15
Project("{FAE04EC0-301F-11D3-BF4B-00C04F79EFBC}") = "Unity.RenderPipelines.GPUDriven.Runtime", "Unity.RenderPipelines.GPUDriven.Runtime.csproj", "{B57CD209-E3D6-A52D-73C2-898E356736E2}"
EndProject
Project("{FAE04EC0-301F-11D3-BF4B-00C04F79EFBC}") = "Unity.ShaderGraph.Editor", "Unity.ShaderGraph.Editor.csproj", "{009BD1B6-BBB6-1486-BF69-297D0D3AD865}"
EndProject
Project("{FAE04EC0-301F-11D3-BF4B-00C04F79EFBC}") = "Unity.RenderPipelines.Core.Runtime", "Unity.RenderPipelines.Core.Runtime.csproj", "{6413988B-1A66-7950-BF19-C1848826068E}"
EndProject
Project("{FAE04EC0-301F-11D3-BF4B-00C04F79EFBC}") = "Unity.Multiplayer.Center.Editor", "Unity.Multiplayer.Center.Editor.csproj", "{1A9DEF24-A1E9-F587-F58C-7D7830A0A0CF}"
EndProject
Project("{FAE04EC0-301F-11D3-BF4B-00C04F79EFBC}") = "Unity.RenderPipelines.Core.Editor", "Unity.RenderPipelines.Core.Editor.csproj", "{A07CE892-A2E9-AECE-AFDF-2BE7224D4858}"
EndProject
Project("{FAE04EC0-301F-11D3-BF4B-00C04F79EFBC}") = "UnityEngine.UI", "UnityEngine.UI.csproj", "{B4DB6FC3-E4B4-0C90-7E5E-F37A5D1C4E4F}"
EndProject
Project("{FAE04EC0-301F-11D3-BF4B-00C04F79EFBC}") = "Unity.RenderPipelines.Universal.2D.Runtime", "Unity.RenderPipelines.Universal.2D.Runtime.csproj", "{D4513321-532B-1E5F-0744-94ED0E2C9C6E}"
EndProject
Project("{FAE04EC0-301F-11D3-BF4B-00C04F79EFBC}") = "Unity.RenderPipelines.Universal.Editor", "Unity.RenderPipelines.Universal.Editor.csproj", "{A315462A-377A-C4C9-471E-C82BA6CE1249}"
EndProject
Project("{FAE04EC0-301F-11D3-BF4B-00C04F79EFBC}") = "PPv2URPConverters", "PPv2URPConverters.csproj", "{CC42E3A4-A6ED-28EB-5698-07AC87C92D04}"
EndProject
Project("{FAE04EC0-301F-11D3-BF4B-00C04F79EFBC}") = "Unity.RenderPipelines.Universal.Runtime", "Unity.RenderPipelines.Universal.Runtime.csproj", "{328548EF-3A2F-8D69-BE18-80D9A9704350}"
EndProject
Project("{FAE04EC0-301F-11D3-BF4B-00C04F79EFBC}") = "Unity.TextMeshPro", "Unity.TextMeshPro.csproj", "{6D3D6D07-CB20-09E2-ACA7-79D6F0FA2B58}"
EndProject
Project("{FAE04EC0-301F-11D3-BF4B-00C04F79EFBC}") = "Unity.TextMeshPro.Editor", "Unity.TextMeshPro.Editor.csproj", "{8A4EEF27-5A9E-30E0-8CC5-FE649B8DFCF0}"
EndProject
Project("{FAE04EC0-301F-11D3-BF4B-00C04F79EFBC}") = "Unity.Rendering.LightTransport.Runtime", "Unity.Rendering.LightTransport.Runtime.csproj", "{B38D91D6-E756-2C9A-ED8F-8B6D29E72582}"
EndProject
Project("{FAE04EC0-301F-11D3-BF4B-00C04F79EFBC}") = "UnityEditor.UI", "UnityEditor.UI.csproj", "{9343DE0C-07B1-D0E7-AFE4-6ADF207A1F96}"
EndProject
Project("{FAE04EC0-301F-11D3-BF4B-00C04F79EFBC}") = "Unity.Multiplayer.Center.Common", "Unity.Multiplayer.Center.Common.csproj", "{B867AA47-E54F-D700-8E0A-77C79D1FE3DE}"
EndProject
Project("{FAE04EC0-301F-11D3-BF4B-00C04F79EFBC}") = "Assembly-CSharp-Editor", "Assembly-CSharp-Editor.csproj", "{D2EF6B64-F19D-BF79-2430-AA54AD109B02}"
EndProject
Project("{FAE04EC0-301F-11D3-BF4B-00C04F79EFBC}") = "Unity.ShaderGraph.Utilities", "Unity.ShaderGraph.Utilities.csproj", "{A4A56912-FDB5-9FD5-B0FE-172856B48EE7}"
EndProject
Project("{FAE04EC0-301F-11D3-BF4B-00C04F79EFBC}") = "Unity.RenderPipeline.Universal.ShaderLibrary", "Unity.RenderPipeline.Universal.ShaderLibrary.csproj", "{2B32E022-61FE-4671-1486-F7917F9C742F}"
EndProject
Project("{FAE04EC0-301F-11D3-BF4B-00C04F79EFBC}") = "Unity.Rendering.LightTransport.Editor", "Unity.Rendering.LightTransport.Editor.csproj", "{7C4A7181-637E-33EE-78A2-35DC8D3C3D5F}"
EndProject
Project("{FAE04EC0-301F-11D3-BF4B-00C04F79EFBC}") = "Unity.RenderPipelines.Universal.Shaders", "Unity.RenderPipelines.Universal.Shaders.csproj", "{25DED523-8B05-35F7-6F8C-FCDB0B38CB84}"
EndProject
Project("{FAE04EC0-301F-11D3-BF4B-00C04F79EFBC}") = "Unity.RenderPipelines.Core.Runtime.Shared", "Unity.RenderPipelines.Core.Runtime.Shared.csproj", "{0C14C512-F2C7-F284-E652-0AC6B94518A4}"
EndProject
Project("{FAE04EC0-301F-11D3-BF4B-00C04F79EFBC}") = "Assembly-CSharp", "Assembly-CSharp.csproj", "{E828277D-9195-55B4-FCFF-4CF99EF5C8CD}"
EndProject
Project("{FAE04EC0-301F-11D3-BF4B-00C04F79EFBC}") = "Unity.RenderPipelines.Universal.Config.Runtime", "Unity.RenderPipelines.Universal.Config.Runtime.csproj", "{E4E4889B-2125-41BE-44A5-4B8AE76D7232}"
EndProject
Project("{FAE04EC0-301F-11D3-BF4B-00C04F79EFBC}") = "Unity.RenderPipelines.ShaderGraph.ShaderGraphLibrary", "Unity.RenderPipelines.ShaderGraph.ShaderGraphLibrary.csproj", "{820749C2-1D1F-375C-E0BF-EB8AD7978E15}"
EndProject
Project("{FAE04EC0-301F-11D3-BF4B-00C04F79EFBC}") = "Unity.RenderPipelines.Core.ShaderLibrary", "Unity.RenderPipelines.Core.ShaderLibrary.csproj", "{F7BE9B3B-2256-F911-A41C-BCCA3B8C4885}"
EndProject
Project("{FAE04EC0-301F-11D3-BF4B-00C04F79EFBC}") = "Unity.RenderPipelines.Core.Editor.Shared", "Unity.RenderPipelines.Core.Editor.Shared.csproj", "{162DD54F-7ACC-A76E-4792-8D4C7439610A}"
EndProject
Global
	GlobalSection(SolutionConfigurationPlatforms) = preSolution
		Debug|Any CPU = Debug|Any CPU
		Release|Any CPU = Release|Any CPU
	EndGlobalSection
	GlobalSection(ProjectConfigurationPlatforms) = postSolution
		{B57CD209-E3D6-A52D-73C2-898E356736E2}.Debug|Any CPU.ActiveCfg = Debug|Any CPU
		{B57CD209-E3D6-A52D-73C2-898E356736E2}.Debug|Any CPU.Build.0 = Debug|Any CPU
		{B57CD209-E3D6-A52D-73C2-898E356736E2}.Release|Any CPU.ActiveCfg = Release|Any CPU
		{B57CD209-E3D6-A52D-73C2-898E356736E2}.Release|Any CPU.Build.0 = Release|Any CPU
		{009BD1B6-BBB6-1486-BF69-297D0D3AD865}.Debug|Any CPU.ActiveCfg = Debug|Any CPU
		{009BD1B6-BBB6-1486-BF69-297D0D3AD865}.Debug|Any CPU.Build.0 = Debug|Any CPU
		{009BD1B6-BBB6-1486-BF69-297D0D3AD865}.Release|Any CPU.ActiveCfg = Release|Any CPU
		{009BD1B6-BBB6-1486-BF69-297D0D3AD865}.Release|Any CPU.Build.0 = Release|Any CPU
		{6413988B-1A66-7950-BF19-C1848826068E}.Debug|Any CPU.ActiveCfg = Debug|Any CPU
		{6413988B-1A66-7950-BF19-C1848826068E}.Debug|Any CPU.Build.0 = Debug|Any CPU
		{6413988B-1A66-7950-BF19-C1848826068E}.Release|Any CPU.ActiveCfg = Release|Any CPU
		{6413988B-1A66-7950-BF19-C1848826068E}.Release|Any CPU.Build.0 = Release|Any CPU
		{1A9DEF24-A1E9-F587-F58C-7D7830A0A0CF}.Debug|Any CPU.ActiveCfg = Debug|Any CPU
		{1A9DEF24-A1E9-F587-F58C-7D7830A0A0CF}.Debug|Any CPU.Build.0 = Debug|Any CPU
		{1A9DEF24-A1E9-F587-F58C-7D7830A0A0CF}.Release|Any CPU.ActiveCfg = Release|Any CPU
		{1A9DEF24-A1E9-F587-F58C-7D7830A0A0CF}.Release|Any CPU.Build.0 = Release|Any CPU
		{A07CE892-A2E9-AECE-AFDF-2BE7224D4858}.Debug|Any CPU.ActiveCfg = Debug|Any CPU
		{A07CE892-A2E9-AECE-AFDF-2BE7224D4858}.Debug|Any CPU.Build.0 = Debug|Any CPU
		{A07CE892-A2E9-AECE-AFDF-2BE7224D4858}.Release|Any CPU.ActiveCfg = Release|Any CPU
		{A07CE892-A2E9-AECE-AFDF-2BE7224D4858}.Release|Any CPU.Build.0 = Release|Any CPU
		{B4DB6FC3-E4B4-0C90-7E5E-F37A5D1C4E4F}.Debug|Any CPU.ActiveCfg = Debug|Any CPU
		{B4DB6FC3-E4B4-0C90-7E5E-F37A5D1C4E4F}.Debug|Any CPU.Build.0 = Debug|Any CPU
		{B4DB6FC3-E4B4-0C90-7E5E-F37A5D1C4E4F}.Release|Any CPU.ActiveCfg = Release|Any CPU
		{B4DB6FC3-E4B4-0C90-7E5E-F37A5D1C4E4F}.Release|Any CPU.Build.0 = Release|Any CPU
		{D4513321-532B-1E5F-0744-94ED0E2C9C6E}.Debug|Any CPU.ActiveCfg = Debug|Any CPU
		{D4513321-532B-1E5F-0744-94ED0E2C9C6E}.Debug|Any CPU.Build.0 = Debug|Any CPU
		{D4513321-532B-1E5F-0744-94ED0E2C9C6E}.Release|Any CPU.ActiveCfg = Release|Any CPU
		{D4513321-532B-1E5F-0744-94ED0E2C9C6E}.Release|Any CPU.Build.0 = Release|Any CPU
		{A315462A-377A-C4C9-471E-C82BA6CE1249}.Debug|Any CPU.ActiveCfg = Debug|Any CPU
		{A315462A-377A-C4C9-471E-C82BA6CE1249}.Debug|Any CPU.Build.0 = Debug|Any CPU
		{A315462A-377A-C4C9-471E-C82BA6CE1249}.Release|Any CPU.ActiveCfg = Release|Any CPU
		{A315462A-377A-C4C9-471E-C82BA6CE1249}.Release|Any CPU.Build.0 = Release|Any CPU
		{CC42E3A4-A6ED-28EB-5698-07AC87C92D04}.Debug|Any CPU.ActiveCfg = Debug|Any CPU
		{CC42E3A4-A6ED-28EB-5698-07AC87C92D04}.Debug|Any CPU.Build.0 = Debug|Any CPU
		{CC42E3A4-A6ED-28EB-5698-07AC87C92D04}.Release|Any CPU.ActiveCfg = Release|Any CPU
		{CC42E3A4-A6ED-28EB-5698-07AC87C92D04}.Release|Any CPU.Build.0 = Release|Any CPU
		{328548EF-3A2F-8D69-BE18-80D9A9704350}.Debug|Any CPU.ActiveCfg = Debug|Any CPU
		{328548EF-3A2F-8D69-BE18-80D9A9704350}.Debug|Any CPU.Build.0 = Debug|Any CPU
		{328548EF-3A2F-8D69-BE18-80D9A9704350}.Release|Any CPU.ActiveCfg = Release|Any CPU
		{328548EF-3A2F-8D69-BE18-80D9A9704350}.Release|Any CPU.Build.0 = Release|Any CPU
		{6D3D6D07-CB20-09E2-ACA7-79D6F0FA2B58}.Debug|Any CPU.ActiveCfg = Debug|Any CPU
		{6D3D6D07-CB20-09E2-ACA7-79D6F0FA2B58}.Debug|Any CPU.Build.0 = Debug|Any CPU
		{6D3D6D07-CB20-09E2-ACA7-79D6F0FA2B58}.Release|Any CPU.ActiveCfg = Release|Any CPU
		{6D3D6D07-CB20-09E2-ACA7-79D6F0FA2B58}.Release|Any CPU.Build.0 = Release|Any CPU
		{8A4EEF27-5A9E-30E0-8CC5-FE649B8DFCF0}.Debug|Any CPU.ActiveCfg = Debug|Any CPU
		{8A4EEF27-5A9E-30E0-8CC5-FE649B8DFCF0}.Debug|Any CPU.Build.0 = Debug|Any CPU
		{8A4EEF27-5A9E-30E0-8CC5-FE649B8DFCF0}.Release|Any CPU.ActiveCfg = Release|Any CPU
		{8A4EEF27-5A9E-30E0-8CC5-FE649B8DFCF0}.Release|Any CPU.Build.0 = Release|Any CPU
		{B38D91D6-E756-2C9A-ED8F-8B6D29E72582}.Debug|Any CPU.ActiveCfg = Debug|Any CPU
		{B38D91D6-E756-2C9A-ED8F-8B6D29E72582}.Debug|Any CPU.Build.0 = Debug|Any CPU
		{B38D91D6-E756-2C9A-ED8F-8B6D29E72582}.Release|Any CPU.ActiveCfg = Release|Any CPU
		{B38D91D6-E756-2C9A-ED8F-8B6D29E72582}.Release|Any CPU.Build.0 = Release|Any CPU
		{9343DE0C-07B1-D0E7-AFE4-6ADF207A1F96}.Debug|Any CPU.ActiveCfg = Debug|Any CPU
		{9343DE0C-07B1-D0E7-AFE4-6ADF207A1F96}.Debug|Any CPU.Build.0 = Debug|Any CPU
		{9343DE0C-07B1-D0E7-AFE4-6ADF207A1F96}.Release|Any CPU.ActiveCfg = Release|Any CPU
		{9343DE0C-07B1-D0E7-AFE4-6ADF207A1F96}.Release|Any CPU.Build.0 = Release|Any CPU
		{B867AA47-E54F-D700-8E0A-77C79D1FE3DE}.Debug|Any CPU.ActiveCfg = Debug|Any CPU
		{B867AA47-E54F-D700-8E0A-77C79D1FE3DE}.Debug|Any CPU.Build.0 = Debug|Any CPU
		{B867AA47-E54F-D700-8E0A-77C79D1FE3DE}.Release|Any CPU.ActiveCfg = Release|Any CPU
		{B867AA47-E54F-D700-8E0A-77C79D1FE3DE}.Release|Any CPU.Build.0 = Release|Any CPU
		{D2EF6B64-F19D-BF79-2430-AA54AD109B02}.Debug|Any CPU.ActiveCfg = Debug|Any CPU
		{D2EF6B64-F19D-BF79-2430-AA54AD109B02}.Debug|Any CPU.Build.0 = Debug|Any CPU
		{D2EF6B64-F19D-BF79-2430-AA54AD109B02}.Release|Any CPU.ActiveCfg = Release|Any CPU
		{D2EF6B64-F19D-BF79-2430-AA54AD109B02}.Release|Any CPU.Build.0 = Release|Any CPU
		{A4A56912-FDB5-9FD5-B0FE-172856B48EE7}.Debug|Any CPU.ActiveCfg = Debug|Any CPU
		{A4A56912-FDB5-9FD5-B0FE-172856B48EE7}.Debug|Any CPU.Build.0 = Debug|Any CPU
		{A4A56912-FDB5-9FD5-B0FE-172856B48EE7}.Release|Any CPU.ActiveCfg = Release|Any CPU
		{A4A56912-FDB5-9FD5-B0FE-172856B48EE7}.Release|Any CPU.Build.0 = Release|Any CPU
		{2B32E022-61FE-4671-1486-F7917F9C742F}.Debug|Any CPU.ActiveCfg = Debug|Any CPU
		{2B32E022-61FE-4671-1486-F7917F9C742F}.Debug|Any CPU.Build.0 = Debug|Any CPU
		{2B32E022-61FE-4671-1486-F7917F9C742F}.Release|Any CPU.ActiveCfg = Release|Any CPU
		{2B32E022-61FE-4671-1486-F7917F9C742F}.Release|Any CPU.Build.0 = Release|Any CPU
		{7C4A7181-637E-33EE-78A2-35DC8D3C3D5F}.Debug|Any CPU.ActiveCfg = Debug|Any CPU
		{7C4A7181-637E-33EE-78A2-35DC8D3C3D5F}.Debug|Any CPU.Build.0 = Debug|Any CPU
		{7C4A7181-637E-33EE-78A2-35DC8D3C3D5F}.Release|Any CPU.ActiveCfg = Release|Any CPU
		{7C4A7181-637E-33EE-78A2-35DC8D3C3D5F}.Release|Any CPU.Build.0 = Release|Any CPU
		{25DED523-8B05-35F7-6F8C-FCDB0B38CB84}.Debug|Any CPU.ActiveCfg = Debug|Any CPU
		{25DED523-8B05-35F7-6F8C-FCDB0B38CB84}.Debug|Any CPU.Build.0 = Debug|Any CPU
		{25DED523-8B05-35F7-6F8C-FCDB0B38CB84}.Release|Any CPU.ActiveCfg = Release|Any CPU
		{25DED523-8B05-35F7-6F8C-FCDB0B38CB84}.Release|Any CPU.Build.0 = Release|Any CPU
		{0C14C512-F2C7-F284-E652-0AC6B94518A4}.Debug|Any CPU.ActiveCfg = Debug|Any CPU
		{0C14C512-F2C7-F284-E652-0AC6B94518A4}.Debug|Any CPU.Build.0 = Debug|Any CPU
		{0C14C512-F2C7-F284-E652-0AC6B94518A4}.Release|Any CPU.ActiveCfg = Release|Any CPU
		{0C14C512-F2C7-F284-E652-0AC6B94518A4}.Release|Any CPU.Build.0 = Release|Any CPU
		{E828277D-9195-55B4-FCFF-4CF99EF5C8CD}.Debug|Any CPU.ActiveCfg = Debug|Any CPU
		{E828277D-9195-55B4-FCFF-4CF99EF5C8CD}.Debug|Any CPU.Build.0 = Debug|Any CPU
		{E828277D-9195-55B4-FCFF-4CF99EF5C8CD}.Release|Any CPU.ActiveCfg = Release|Any CPU
		{E828277D-9195-55B4-FCFF-4CF99EF5C8CD}.Release|Any CPU.Build.0 = Release|Any CPU
		{E4E4889B-2125-41BE-44A5-4B8AE76D7232}.Debug|Any CPU.ActiveCfg = Debug|Any CPU
		{E4E4889B-2125-41BE-44A5-4B8AE76D7232}.Debug|Any CPU.Build.0 = Debug|Any CPU
		{E4E4889B-2125-41BE-44A5-4B8AE76D7232}.Release|Any CPU.ActiveCfg = Release|Any CPU
		{E4E4889B-2125-41BE-44A5-4B8AE76D7232}.Release|Any CPU.Build.0 = Release|Any CPU
		{820749C2-1D1F-375C-E0BF-EB8AD7978E15}.Debug|Any CPU.ActiveCfg = Debug|Any CPU
		{820749C2-1D1F-375C-E0BF-EB8AD7978E15}.Debug|Any CPU.Build.0 = Debug|Any CPU
		{820749C2-1D1F-375C-E0BF-EB8AD7978E15}.Release|Any CPU.ActiveCfg = Release|Any CPU
		{820749C2-1D1F-375C-E0BF-EB8AD7978E15}.Release|Any CPU.Build.0 = Release|Any CPU
		{F7BE9B3B-2256-F911-A41C-BCCA3B8C4885}.Debug|Any CPU.ActiveCfg = Debug|Any CPU
		{F7BE9B3B-2256-F911-A41C-BCCA3B8C4885}.Debug|Any CPU.Build.0 = Debug|Any CPU
		{F7BE9B3B-2256-F911-A41C-BCCA3B8C4885}.Release|Any CPU.ActiveCfg = Release|Any CPU
		{F7BE9B3B-2256-F911-A41C-BCCA3B8C4885}.Release|Any CPU.Build.0 = Release|Any CPU
		{162DD54F-7ACC-A76E-4792-8D4C7439610A}.Debug|Any CPU.ActiveCfg = Debug|Any CPU
		{162DD54F-7ACC-A76E-4792-8D4C7439610A}.Debug|Any CPU.Build.0 = Debug|Any CPU
		{162DD54F-7ACC-A76E-4792-8D4C7439610A}.Release|Any CPU.ActiveCfg = Release|Any CPU
		{162DD54F-7ACC-A76E-4792-8D4C7439610A}.Release|Any CPU.Build.0 = Release|Any CPU
	EndGlobalSection
	GlobalSection(SolutionProperties) = preSolution
		HideSolutionNode = FALSE
	EndGlobalSection
EndGlobal
